
Microsoft Visual Studio Solution File, Format Version 12.00
# Visual Studio Version 16
VisualStudioVersion = 16.0.29209.62
MinimumVisualStudioVersion = 10.0.40219.1
Project("{FAE04EC0-301F-11D3-BF4B-00C04F79EFBC}") = "WPF_XAML_Binding", "WPF_XAML_Binding\WPF_XAML_Binding.csproj", "{D41EE801-4AF7-4B9A-BFC6-268897B8E8C0}"
EndProject
Global
	GlobalSection(SolutionConfigurationPlatforms) = preSolution
		Debug|Any CPU = Debug|Any CPU
		Release|Any CPU = Release|Any CPU
	EndGlobalSection
	GlobalSection(ProjectConfigurationPlatforms) = postSolution
		{D41EE801-4AF7-4B9A-BFC6-268897B8E8C0}.Debug|Any CPU.ActiveCfg = Debug|Any CPU
		{D41EE801-4AF7-4B9A-BFC6-268897B8E8C0}.Debug|Any CPU.Build.0 = Debug|Any CPU
		{D41EE801-4AF7-4B9A-BFC6-268897B8E8C0}.Release|Any CPU.ActiveCfg = Release|Any CPU
		{D41EE801-4AF7-4B9A-BFC6-268897B8E8C0}.Release|Any CPU.Build.0 = Release|Any CPU
	EndGlobalSection
	GlobalSection(SolutionProperties) = preSolution
		HideSolutionNode = FALSE
	EndGlobalSection
	GlobalSection(ExtensibilityGlobals) = postSolution
		SolutionGuid = {F82FC03F-2D5D-47DD-BD83-22628A9E91C6}
	EndGlobalSection
EndGlobal
